<?xml version="1.0" encoding="utf-8"?>
<Project ToolsVersion="4.0" xmlns="http://schemas.microsoft.com/developer/msbuild/2003">
  <ItemGroup>
    <Filter Include="소스 파일">
      <UniqueIdentifier>{4FC737F1-C7A5-4376-A066-2A32D752A2FF}</UniqueIdentifier>
      <Extensions>cpp;c;cc;cxx;c++;cppm;ixx;def;odl;idl;hpj;bat;asm;asmx</Extensions>
    </Filter>
    <Filter Include="헤더 파일">
      <UniqueIdentifier>{93995380-89BD-4b04-88EB-625FBE52EBFB}</UniqueIdentifier>
      <Extensions>h;hh;hpp;hxx;h++;hm;inl;inc;ipp;xsd</Extensions>
    </Filter>
    <Filter Include="소스 파일\Core">
      <UniqueIdentifier>{B1A2C3D4-E5F6-7890-ABCD-111111111111}</UniqueIdentifier>
    </Filter>
    <Filter Include="소스 파일\Model">
      <UniqueIdentifier>{B1A2C3D4-E5F6-7890-ABCD-222222222222}</UniqueIdentifier>
    </Filter>
    <Filter Include="소스 파일\View">
      <UniqueIdentifier>{B1A2C3D4-E5F6-7890-ABCD-333333333333}</UniqueIdentifier>
    </Filter>
    <Filter Include="소스 파일\Controller">
      <UniqueIdentifier>{B1A2C3D4-E5F6-7890-ABCD-444444444444}</UniqueIdentifier>
    </Filter>
    <Filter Include="헤더 파일\Core">
      <UniqueIdentifier>{B1A2C3D4-E5F6-7890-ABCD-555555555555}</UniqueIdentifier>
    </Filter>
    <Filter Include="헤더 파일\Model">
      <UniqueIdentifier>{B1A2C3D4-E5F6-7890-ABCD-666666666666}</UniqueIdentifier>
    </Filter>
    <Filter Include="헤더 파일\View">
      <UniqueIdentifier>{B1A2C3D4-E5F6-7890-ABCD-777777777777}</UniqueIdentifier>
    </Filter>
    <Filter Include="헤더 파일\Controller">
      <UniqueIdentifier>{B1A2C3D4-E5F6-7890-ABCD-888888888888}</UniqueIdentifier>
    </Filter>
  </ItemGroup>
  <ItemGroup>
    <ClCompile Include="src\main.cpp">
      <Filter>소스 파일</Filter>
    </ClCompile>
    <ClCompile Include="src\Core\Application.cpp">
      <Filter>소스 파일\Core</Filter>
    </ClCompile>
    <ClCompile Include="src\Model\TaskModel.cpp">
      <Filter>소스 파일\Model</Filter>
    </ClCompile>
    <ClCompile Include="src\View\TaskView.cpp">
      <Filter>소스 파일\View</Filter>
    </ClCompile>
    <ClCompile Include="src\Controller\TaskController.cpp">
      <Filter>소스 파일\Controller</Filter>
    </ClCompile>
  </ItemGroup>
  <ItemGroup>
    <ClInclude Include="src\Core\Application.h">
      <Filter>헤더 파일\Core</Filter>
    </ClInclude>
    <ClInclude Include="src\Controller\IController.h">
      <Filter>헤더 파일\Controller</Filter>
    </ClInclude>
    <ClInclude Include="src\Controller\TaskController.h">
      <Filter>헤더 파일\Controller</Filter>
    </ClInclude>
    <ClInclude Include="src\Model\IModel.h">
      <Filter>헤더 파일\Model</Filter>
    </ClInclude>
    <ClInclude Include="src\Model\Task.h">
      <Filter>헤더 파일\Model</Filter>
    </ClInclude>
    <ClInclude Include="src\Model\TaskModel.h">
      <Filter>헤더 파일\Model</Filter>
    </ClInclude>
    <ClInclude Include="src\View\IView.h">
      <Filter>헤더 파일\View</Filter>
    </ClInclude>
    <ClInclude Include="src\View\TaskView.h">
      <Filter>헤더 파일\View</Filter>
    </ClInclude>
  </ItemGroup>
</Project>
